
Microsoft Visual Studio Solution File, Format Version 12.00
# Visual Studio Version 17
VisualStudioVersion = 17.7.34009.444
MinimumVisualStudioVersion = 10.0.40219.1
Project("{FAE04EC0-301F-11D3-BF4B-00C04F79EFBC}") = "gitlesson2_0", "gitlesson2_0\gitlesson2_0.csproj", "{73C23823-9E46-4D4F-98B4-1C4AEE724A92}"
EndProject
Project("{2150E333-8FDC-42A3-9474-1A3956D46DE8}") = "Элементы решения", "Элементы решения", "{E42D7B68-56A7-4ED2-A0F4-1EA51F0A2DE4}"
	ProjectSection(SolutionItems) = preProject
		.gitignore = .gitignore
	EndProjectSection
EndProject
Global
	GlobalSection(SolutionConfigurationPlatforms) = preSolution
		Debug|Any CPU = Debug|Any CPU
		Release|Any CPU = Release|Any CPU
	EndGlobalSection
	GlobalSection(ProjectConfigurationPlatforms) = postSolution
		{73C23823-9E46-4D4F-98B4-1C4AEE724A92}.Debug|Any CPU.ActiveCfg = Debug|Any CPU
		{73C23823-9E46-4D4F-98B4-1C4AEE724A92}.Debug|Any CPU.Build.0 = Debug|Any CPU
		{73C23823-9E46-4D4F-98B4-1C4AEE724A92}.Release|Any CPU.ActiveCfg = Release|Any CPU
		{73C23823-9E46-4D4F-98B4-1C4AEE724A92}.Release|Any CPU.Build.0 = Release|Any CPU
	EndGlobalSection
	GlobalSection(SolutionProperties) = preSolution
		HideSolutionNode = FALSE
	EndGlobalSection
	GlobalSection(ExtensibilityGlobals) = postSolution
		SolutionGuid = {2F0754F1-F47B-4BD4-9E25-C21AC4F2A9E1}
	EndGlobalSection
EndGlobal
